{
  "version": 4,
  "terraform_version": "0.14.9",
  "serial": 14,
  "lineage": "0df85e18-5ae0-7429-cf26-5b487605c308",
  "outputs": {},
  "resources": [
    {
      "mode": "managed",
      "type": "aws_internet_gateway",
      "name": "gw",
      "provider": "provider[\"registry.terraform.io/hashicorp/aws\"]",
      "instances": [
        {
          "schema_version": 0,
          "attributes": {
            "arn": "arn:aws:ec2:us-east-1:796631976943:internet-gateway/igw-08796dd552ac22ffe",
            "id": "igw-08796dd552ac22ffe",
            "owner_id": "796631976943",
            "tags": {
              "Name": "VPC IGW"
            },
            "vpc_id": "vpc-06f5aadc667c5bfd1"
          },
          "sensitive_attributes": [],
          "private": "bnVsbA==",
          "dependencies": [
            "aws_vpc.default"
          ]
        }
      ]
    },
    {
      "mode": "managed",
      "type": "aws_key_pair",
      "name": "default",
      "provider": "provider[\"registry.terraform.io/hashicorp/aws\"]",
      "instances": [
        {
          "schema_version": 1,
          "attributes": {
            "arn": "arn:aws:ec2:us-east-1:796631976943:key-pair/vpctestkeypair",
            "fingerprint": "70:27:dd:6f:66:30:ba:76:83:b1:b4:9b:da:46:eb:17",
            "id": "vpctestkeypair",
            "key_name": "vpctestkeypair",
            "key_name_prefix": null,
            "key_pair_id": "key-02a4b9230ac20141e",
            "public_key": "ssh-rsa AAAAB3NzaC1yc2EAAAADAQABAAACAQC34sYC5sbl4aqgSpSnjeA++ORw99Wg6SCzZKW6ZUxnqQcOWteLIDC9qCFkf8ozPfLBWswWU3PxPGsVlMyb/w8jO7VcQNE9DZv6TXiy/t7QMzVQQleQPQYVXP3WTqAZ1DHoCmjJbHVxgSWZDrMT9lLONQKucimUCWarFUt3gZQ/bxGfijal6pZicySnM20r263y9Dy/ehQG9MAjtkrsG5Ig8e4I+itAJkLU8s7UP+hLT5B4PgaJThnEE57O9rdV6moOCEUyBotHd5iOCyQFxrpo9HMeiyNd5S18MTOf1sPRr2uutPySaRQ7PsB3wp0NladjRBLB06wlEr/4LdptLNi45UlJxFcMPRp7D53XieJHN88DZtghbDl5Oaw0hdYKF+lX7Ywi+A5RRnJBAYtg1UyDFVizSnCtFxhtGhiqAGkj/+va6gfHsA31kI/6mXkKmvQ9kCaz7e646Ty3KWtYIH2Xbc6ko9cCoOuTTutztMBqhF1Sc5C7GWQKGCCD+YQX4Bf4BVWYjBzfOd5lB5U+/jwu2RiNNbgmvXkHzdE6umHg46k/NV5SqGHomfL/hKMhEm2waq5kr+fAmUvMLP0uqbo4UpdWulP4StJWSrQSCZQ4laVQp6gDJjTyB01H3NTWjDqpd8iN3cTzm7rx7J9Zbg1V20gCNKyLUm2V7+UlHjKbfQ== hoang@Hoangs-iMac.local",
            "tags": {}
          },
          "sensitive_attributes": [],
          "private": "eyJzY2hlbWFfdmVyc2lvbiI6IjEifQ=="
        }
      ]
    },
    {
      "mode": "managed",
      "type": "aws_route_table",
      "name": "web-public-rt",
      "provider": "provider[\"registry.terraform.io/hashicorp/aws\"]",
      "instances": [
        {
          "schema_version": 0,
          "attributes": {
            "id": "rtb-0e830151ce30affca",
            "owner_id": "796631976943",
            "propagating_vgws": [],
            "route": [
              {
                "cidr_block": "0.0.0.0/0",
                "egress_only_gateway_id": "",
                "gateway_id": "igw-08796dd552ac22ffe",
                "instance_id": "",
                "ipv6_cidr_block": "",
                "local_gateway_id": "",
                "nat_gateway_id": "",
                "network_interface_id": "",
                "transit_gateway_id": "",
                "vpc_endpoint_id": "",
                "vpc_peering_connection_id": ""
              }
            ],
            "tags": {
              "Name": "Public Subnet RT"
            },
            "vpc_id": "vpc-06f5aadc667c5bfd1"
          },
          "sensitive_attributes": [],
          "private": "bnVsbA==",
          "dependencies": [
            "aws_internet_gateway.gw",
            "aws_vpc.default"
          ]
        }
      ]
    },
    {
      "mode": "managed",
      "type": "aws_route_table_association",
      "name": "web-public-rt",
      "provider": "provider[\"registry.terraform.io/hashicorp/aws\"]",
      "instances": [
        {
          "schema_version": 0,
          "attributes": {
            "gateway_id": null,
            "id": "rtbassoc-0d1393a2de086c3e5",
            "route_table_id": "rtb-0e830151ce30affca",
            "subnet_id": "subnet-0d3f75d5078231a62"
          },
          "sensitive_attributes": [],
          "private": "bnVsbA==",
          "dependencies": [
            "aws_internet_gateway.gw",
            "aws_route_table.web-public-rt",
            "aws_subnet.public-subnet",
            "aws_vpc.default"
          ]
        }
      ]
    },
    {
      "mode": "managed",
      "type": "aws_security_group",
      "name": "sgdb",
      "provider": "provider[\"registry.terraform.io/hashicorp/aws\"]",
      "instances": [
        {
          "schema_version": 1,
          "attributes": {
            "arn": "arn:aws:ec2:us-east-1:796631976943:security-group/sg-073d378706fc35213",
            "description": "Allow traffic from public subnet",
            "egress": [],
            "id": "sg-073d378706fc35213",
            "ingress": [
              {
                "cidr_blocks": [
                  "10.0.1.0/24"
                ],
                "description": "",
                "from_port": -1,
                "ipv6_cidr_blocks": [],
                "prefix_list_ids": [],
                "protocol": "icmp",
                "security_groups": [],
                "self": false,
                "to_port": -1
              },
              {
                "cidr_blocks": [
                  "10.0.1.0/24"
                ],
                "description": "",
                "from_port": 22,
                "ipv6_cidr_blocks": [],
                "prefix_list_ids": [],
                "protocol": "tcp",
                "security_groups": [],
                "self": false,
                "to_port": 22
              },
              {
                "cidr_blocks": [
                  "10.0.1.0/24"
                ],
                "description": "",
                "from_port": 3306,
                "ipv6_cidr_blocks": [],
                "prefix_list_ids": [],
                "protocol": "tcp",
                "security_groups": [],
                "self": false,
                "to_port": 3306
              }
            ],
            "name": "sg_test_web",
            "name_prefix": "",
            "owner_id": "796631976943",
            "revoke_rules_on_delete": false,
            "tags": {
              "Name": "DB SG"
            },
            "timeouts": null,
            "vpc_id": "vpc-06f5aadc667c5bfd1"
          },
          "sensitive_attributes": [],
          "private": "eyJlMmJmYjczMC1lY2FhLTExZTYtOGY4OC0zNDM2M2JjN2M0YzAiOnsiY3JlYXRlIjo2MDAwMDAwMDAwMDAsImRlbGV0ZSI6NjAwMDAwMDAwMDAwfSwic2NoZW1hX3ZlcnNpb24iOiIxIn0=",
          "dependencies": [
            "aws_vpc.default"
          ]
        }
      ]
    },
    {
      "mode": "managed",
      "type": "aws_security_group",
      "name": "sgweb",
      "provider": "provider[\"registry.terraform.io/hashicorp/aws\"]",
      "instances": [
        {
          "schema_version": 1,
          "attributes": {
            "arn": "arn:aws:ec2:us-east-1:796631976943:security-group/sg-02ed2f5f787f32c23",
            "description": "Allow incoming HTTP connections \u0026 SSH access",
            "egress": [],
            "id": "sg-02ed2f5f787f32c23",
            "ingress": [
              {
                "cidr_blocks": [
                  "0.0.0.0/0"
                ],
                "description": "",
                "from_port": -1,
                "ipv6_cidr_blocks": [],
                "prefix_list_ids": [],
                "protocol": "icmp",
                "security_groups": [],
                "self": false,
                "to_port": -1
              },
              {
                "cidr_blocks": [
                  "0.0.0.0/0"
                ],
                "description": "",
                "from_port": 22,
                "ipv6_cidr_blocks": [],
                "prefix_list_ids": [],
                "protocol": "tcp",
                "security_groups": [],
                "self": false,
                "to_port": 22
              },
              {
                "cidr_blocks": [
                  "0.0.0.0/0"
                ],
                "description": "",
                "from_port": 443,
                "ipv6_cidr_blocks": [],
                "prefix_list_ids": [],
                "protocol": "tcp",
                "security_groups": [],
                "self": false,
                "to_port": 443
              },
              {
                "cidr_blocks": [
                  "0.0.0.0/0"
                ],
                "description": "",
                "from_port": 80,
                "ipv6_cidr_blocks": [],
                "prefix_list_ids": [],
                "protocol": "tcp",
                "security_groups": [],
                "self": false,
                "to_port": 80
              }
            ],
            "name": "vpc_test_web",
            "name_prefix": "",
            "owner_id": "796631976943",
            "revoke_rules_on_delete": false,
            "tags": {
              "Name": "Web Server SG"
            },
            "timeouts": null,
            "vpc_id": "vpc-06f5aadc667c5bfd1"
          },
          "sensitive_attributes": [],
          "private": "eyJlMmJmYjczMC1lY2FhLTExZTYtOGY4OC0zNDM2M2JjN2M0YzAiOnsiY3JlYXRlIjo2MDAwMDAwMDAwMDAsImRlbGV0ZSI6NjAwMDAwMDAwMDAwfSwic2NoZW1hX3ZlcnNpb24iOiIxIn0=",
          "dependencies": [
            "aws_vpc.default"
          ]
        }
      ]
    },
    {
      "mode": "managed",
      "type": "aws_subnet",
      "name": "private-subnet",
      "provider": "provider[\"registry.terraform.io/hashicorp/aws\"]",
      "instances": [
        {
          "schema_version": 1,
          "attributes": {
            "arn": "arn:aws:ec2:us-east-1:796631976943:subnet/subnet-0988075d4917553a4",
            "assign_ipv6_address_on_creation": false,
            "availability_zone": "us-east-1b",
            "availability_zone_id": "use1-az1",
            "cidr_block": "10.0.2.0/24",
            "customer_owned_ipv4_pool": "",
            "id": "subnet-0988075d4917553a4",
            "ipv6_cidr_block": "",
            "ipv6_cidr_block_association_id": "",
            "map_customer_owned_ip_on_launch": false,
            "map_public_ip_on_launch": false,
            "outpost_arn": "",
            "owner_id": "796631976943",
            "tags": {
              "Name": "Database Private Subnet"
            },
            "tags_all": {
              "Name": "Database Private Subnet"
            },
            "timeouts": null,
            "vpc_id": "vpc-06f5aadc667c5bfd1"
          },
          "sensitive_attributes": [],
          "private": "eyJlMmJmYjczMC1lY2FhLTExZTYtOGY4OC0zNDM2M2JjN2M0YzAiOnsiY3JlYXRlIjo2MDAwMDAwMDAwMDAsImRlbGV0ZSI6MTIwMDAwMDAwMDAwMH0sInNjaGVtYV92ZXJzaW9uIjoiMSJ9",
          "dependencies": [
            "aws_vpc.default"
          ]
        }
      ]
    },
    {
      "mode": "managed",
      "type": "aws_subnet",
      "name": "public-subnet",
      "provider": "provider[\"registry.terraform.io/hashicorp/aws\"]",
      "instances": [
        {
          "schema_version": 1,
          "attributes": {
            "arn": "arn:aws:ec2:us-east-1:796631976943:subnet/subnet-0d3f75d5078231a62",
            "assign_ipv6_address_on_creation": false,
            "availability_zone": "us-east-1a",
            "availability_zone_id": "use1-az6",
            "cidr_block": "10.0.1.0/24",
            "customer_owned_ipv4_pool": "",
            "id": "subnet-0d3f75d5078231a62",
            "ipv6_cidr_block": "",
            "ipv6_cidr_block_association_id": "",
            "map_customer_owned_ip_on_launch": false,
            "map_public_ip_on_launch": false,
            "outpost_arn": "",
            "owner_id": "796631976943",
            "tags": {
              "Name": "Web Public Subnet"
            },
            "tags_all": {
              "Name": "Web Public Subnet"
            },
            "timeouts": null,
            "vpc_id": "vpc-06f5aadc667c5bfd1"
          },
          "sensitive_attributes": [],
          "private": "eyJlMmJmYjczMC1lY2FhLTExZTYtOGY4OC0zNDM2M2JjN2M0YzAiOnsiY3JlYXRlIjo2MDAwMDAwMDAwMDAsImRlbGV0ZSI6MTIwMDAwMDAwMDAwMH0sInNjaGVtYV92ZXJzaW9uIjoiMSJ9",
          "dependencies": [
            "aws_vpc.default"
          ]
        }
      ]
    },
    {
      "mode": "managed",
      "type": "aws_vpc",
      "name": "default",
      "provider": "provider[\"registry.terraform.io/hashicorp/aws\"]",
      "instances": [
        {
          "schema_version": 1,
          "attributes": {
            "arn": "arn:aws:ec2:us-east-1:796631976943:vpc/vpc-06f5aadc667c5bfd1",
            "assign_generated_ipv6_cidr_block": false,
            "cidr_block": "10.0.0.0/16",
            "default_network_acl_id": "acl-0efdf808dbd7f0a6c",
            "default_route_table_id": "rtb-00623ed12f5b8a5dc",
            "default_security_group_id": "sg-059f82aff6a5f6b2f",
            "dhcp_options_id": "dopt-e58ad19f",
            "enable_classiclink": false,
            "enable_classiclink_dns_support": false,
            "enable_dns_hostnames": true,
            "enable_dns_support": true,
            "id": "vpc-06f5aadc667c5bfd1",
            "instance_tenancy": "default",
            "ipv6_association_id": "",
            "ipv6_cidr_block": "",
            "main_route_table_id": "rtb-00623ed12f5b8a5dc",
            "owner_id": "796631976943",
            "tags": {
              "Name": "test-vpc"
            },
            "tags_all": {
              "Name": "test-vpc"
            }
          },
          "sensitive_attributes": [],
          "private": "eyJzY2hlbWFfdmVyc2lvbiI6IjEifQ=="
        }
      ]
    }
  ]
}
